
Microsoft Visual Studio Solution File, Format Version 12.00
Project("{FAE04EC0-301F-11D3-BF4B-00C04F79EFBC}") = "WordsGame", "WordsGame\WordsGame.csproj", "{0B3147E4-1839-4AC6-B41C-707C4B201AB9}"
EndProject
Global
	GlobalSection(SolutionConfigurationPlatforms) = preSolution
		Debug|Any CPU = Debug|Any CPU
		Release|Any CPU = Release|Any CPU
	EndGlobalSection
	GlobalSection(ProjectConfigurationPlatforms) = postSolution
		{0B3147E4-1839-4AC6-B41C-707C4B201AB9}.Debug|Any CPU.ActiveCfg = Debug|Any CPU
		{0B3147E4-1839-4AC6-B41C-707C4B201AB9}.Debug|Any CPU.Build.0 = Debug|Any CPU
		{0B3147E4-1839-4AC6-B41C-707C4B201AB9}.Release|Any CPU.ActiveCfg = Release|Any CPU
		{0B3147E4-1839-4AC6-B41C-707C4B201AB9}.Release|Any CPU.Build.0 = Release|Any CPU
	EndGlobalSection
EndGlobal
